
Microsoft Visual Studio Solution File, Format Version 12.00
# Visual Studio Version 17
VisualStudioVersion = 17.5.002.0
MinimumVisualStudioVersion = 10.0.40219.1
Project("{9A19103F-16F7-4668-BE54-9A1E7A4F7556}") = "Nuevo", "Nuevo.csproj", "{C30A2A01-6CB7-487E-9674-878204D35DA7}"
EndProject
Global
	GlobalSection(SolutionConfigurationPlatforms) = preSolution
		Debug|Any CPU = Debug|Any CPU
		Release|Any CPU = Release|Any CPU
	EndGlobalSection
	GlobalSection(ProjectConfigurationPlatforms) = postSolution
		{C30A2A01-6CB7-487E-9674-878204D35DA7}.Debug|Any CPU.ActiveCfg = Debug|Any CPU
		{C30A2A01-6CB7-487E-9674-878204D35DA7}.Debug|Any CPU.Build.0 = Debug|Any CPU
		{C30A2A01-6CB7-487E-9674-878204D35DA7}.Release|Any CPU.ActiveCfg = Release|Any CPU
		{C30A2A01-6CB7-487E-9674-878204D35DA7}.Release|Any CPU.Build.0 = Release|Any CPU
	EndGlobalSection
	GlobalSection(SolutionProperties) = preSolution
		HideSolutionNode = FALSE
	EndGlobalSection
	GlobalSection(ExtensibilityGlobals) = postSolution
		SolutionGuid = {CD3E8937-A6D1-4B20-9E0D-8511DFE9662B}
	EndGlobalSection
EndGlobal
